
Microsoft Visual Studio Solution File, Format Version 12.00
# Visual Studio 14
VisualStudioVersion = 14.0.25420.1
MinimumVisualStudioVersion = 10.0.40219.1
Project("{FAE04EC0-301F-11D3-BF4B-00C04F79EFBC}") = "Metaproject", "Metaproject.csproj", "{072AE9D2-473A-412C-B582-169C1805A631}"
EndProject
Project("{FAE04EC0-301F-11D3-BF4B-00C04F79EFBC}") = "Metaproject.UnitTests", "..\Metaproject.UnitTests\Metaproject.UnitTests.csproj", "{32F257CA-FA6E-4A96-A8A8-08E7BA3BD2DC}"
EndProject
Global
	GlobalSection(SolutionConfigurationPlatforms) = preSolution
		Debug|Any CPU = Debug|Any CPU
		Release|Any CPU = Release|Any CPU
	EndGlobalSection
	GlobalSection(ProjectConfigurationPlatforms) = postSolution
		{072AE9D2-473A-412C-B582-169C1805A631}.Debug|Any CPU.ActiveCfg = Debug|Any CPU
		{072AE9D2-473A-412C-B582-169C1805A631}.Debug|Any CPU.Build.0 = Debug|Any CPU
		{072AE9D2-473A-412C-B582-169C1805A631}.Release|Any CPU.ActiveCfg = Release|Any CPU
		{072AE9D2-473A-412C-B582-169C1805A631}.Release|Any CPU.Build.0 = Release|Any CPU
		{32F257CA-FA6E-4A96-A8A8-08E7BA3BD2DC}.Debug|Any CPU.ActiveCfg = Debug|Any CPU
		{32F257CA-FA6E-4A96-A8A8-08E7BA3BD2DC}.Debug|Any CPU.Build.0 = Debug|Any CPU
		{32F257CA-FA6E-4A96-A8A8-08E7BA3BD2DC}.Release|Any CPU.ActiveCfg = Release|Any CPU
		{32F257CA-FA6E-4A96-A8A8-08E7BA3BD2DC}.Release|Any CPU.Build.0 = Release|Any CPU
	EndGlobalSection
	GlobalSection(SolutionProperties) = preSolution
		HideSolutionNode = FALSE
	EndGlobalSection
EndGlobal
